
Microsoft Visual Studio Solution File, Format Version 12.00
# Visual Studio 2012
Project("{FAE04EC0-301F-11D3-BF4B-00C04F79EFBC}") = "sdsdsdsd", "sdsdsdsd\sdsdsdsd.csproj", "{0AB5B2F8-6EC2-470D-A66A-3DF4F071498D}"
EndProject
Global
	GlobalSection(SolutionConfigurationPlatforms) = preSolution
		Debug|Any CPU = Debug|Any CPU
		Release|Any CPU = Release|Any CPU
	EndGlobalSection
	GlobalSection(ProjectConfigurationPlatforms) = postSolution
		{0AB5B2F8-6EC2-470D-A66A-3DF4F071498D}.Debug|Any CPU.ActiveCfg = Debug|Any CPU
		{0AB5B2F8-6EC2-470D-A66A-3DF4F071498D}.Debug|Any CPU.Build.0 = Debug|Any CPU
		{0AB5B2F8-6EC2-470D-A66A-3DF4F071498D}.Release|Any CPU.ActiveCfg = Release|Any CPU
		{0AB5B2F8-6EC2-470D-A66A-3DF4F071498D}.Release|Any CPU.Build.0 = Release|Any CPU
	EndGlobalSection
EndGlobal
